{
  "name": "playground",
  "version": "1.0.0",
  "lockfileVersion": 3,
  "requires": true,
  "packages": {
    "": {
      "name": "playground",
      "version": "1.0.0",
      "license": "ISC",
      "dependencies": {
        "libphonenumber-js": "^1.10.30"
      }
    },
    "node_modules/libphonenumber-js": {
      "version": "1.10.30",
      "resolved": "https://registry.npmjs.org/libphonenumber-js/-/libphonenumber-js-1.10.30.tgz",
      "integrity": "sha512-PLGc+xfrQrkya/YK2/5X+bPpxRmyJBHM+xxz9krUdSgk4Vs2ZwxX5/Ow0lv3r9PDlDtNWb4u+it8MY5rZ0IyGw=="
    }
  }
}
